github.com/gregoryv/asserter v0.0.0-20190113151027-b6bfcdf82e90/go.mod h1:iLD46IKZjjleTkmDikemRaDZQldDrq8uwTnygV/hC/M=
github.com/gregoryv/logger v0.0.0-20190129141326-b615f3072110 h1:/P48XM3pV3+e27bvcMbZg6D6qqtIa2mkUt25+TsNFoA=
github.com/gregoryv/logger v0.0.0-20190129141326-b615f3072110/go.mod h1:/dc6pRKnuzDcajoaxnoat7rYs7jQrvBsTNPF/QgB1wc=
github.com/mattn/go-colorable v0.0.9/go.mod h1:9vuHe8Xs5qXnSaW/c/ABM9alt+Vo+STaOChaDxuIBZU=
github.com/mattn/go-isatty v0.0.4/go.mod h1:M+lRXTBqGeGNdLjl/ufCoiOlB5xdOkqRJdNxMWT7Zi4=
github.com/mgutz/ansi v0.0.0-20170206155736-9520e82c474b/go.mod h1:01TrycV0kFyexm33Z7vhZRXopbI8J3TDReVlkTgMUxE=
github.com/mgutz/logxi v0.0.0-20161027140823-aebf8a7d67ab/go.mod h1:y1pL58r5z2VvAjeG1VLGc8zOQgSOzbKN7kMHPvFXJ+8=
