github.com/gregoryv/asserter v0.0.0-20190113151027-b6bfcdf82e90 h1:vrN8m/qjomGGi6x5wtE9YEE+FAdSgAJ0Z8E6ZgRjJ3U=
github.com/gregoryv/asserter v0.0.0-20190113151027-b6bfcdf82e90/go.mod h1:iLD46IKZjjleTkmDikemRaDZQldDrq8uwTnygV/hC/M=
github.com/gregoryv/asserter v0.1.0 h1:p+0pvUOuUCn/rVy7YxafoxfXnYPfVptbExJOrWQy9sc=
github.com/gregoryv/asserter v0.1.0/go.mod h1:iLD46IKZjjleTkmDikemRaDZQldDrq8uwTnygV/hC/M=
github.com/gregoryv/find v0.1.1 h1:ETW9JKrNN1zRbySlTKELfqC+pJHhIQYj8mZo5F93GpQ=
github.com/gregoryv/find v0.1.1/go.mod h1:ZxH/FkVt6VM//T7edeCqCc2dJRrLAtCYvtvdM6Hk398=
github.com/gregoryv/gocyclo v0.0.0-20180305144948-0be7902fabdc h1:chhF7lRELMFmxWl3AWbZ2UT1xQtN9nqFGyhL3jwGWDs=
github.com/gregoryv/gocyclo v0.0.0-20180305144948-0be7902fabdc/go.mod h1:x/QA8cT1gfn/XriQ/CVNX7I8IM4Z2YJAAEWFym2clZI=
github.com/gregoryv/logger v0.0.0-20190129141326-b615f3072110 h1:/P48XM3pV3+e27bvcMbZg6D6qqtIa2mkUt25+TsNFoA=
github.com/gregoryv/logger v0.0.0-20190129141326-b615f3072110/go.mod h1:/dc6pRKnuzDcajoaxnoat7rYs7jQrvBsTNPF/QgB1wc=
github.com/gregoryv/logger v0.2.0 h1:vt6qCLPhTVsvkZCTi8QIk87pe0JFHkBHPsp1h0lxYjI=
github.com/gregoryv/logger v0.2.0/go.mod h1:i8xuWgfF4UcsTZR3RX+71+XLFAcc3MJ6lkCpu+t87+I=
github.com/gregoryv/nexus v0.2.0 h1:qXUbz5oxnfVj4MJnPapEYdl9y2wkgNw6QxXZ6vuce/Q=
github.com/gregoryv/nexus v0.2.0/go.mod h1:DJ2Ia6WpPX26edFW6LCl+9nYyX2h6Ot/kyJ83J+SAL0=
github.com/gregoryv/nexus v0.3.0 h1:/V/TwUbKB/VhS2dt1HMTLWx2mDeaNQyoayPgrS664/g=
github.com/gregoryv/nexus v0.3.0/go.mod h1:DJ2Ia6WpPX26edFW6LCl+9nYyX2h6Ot/kyJ83J+SAL0=
github.com/gregoryv/qual v0.3.1 h1:RUdYxRhxkkZSHU0eTH7nTzYgxG7NxEYsMyN6Gnj/qus=
github.com/gregoryv/qual v0.3.1/go.mod h1:dB0ZUMaE5qieQ975kKI7A4CDfg6wgcsPcSlY1SWuq9Y=
github.com/gregoryv/qual v0.3.2 h1:+JSNIKQKKAISsyhdN71tIj2jW56X6AacERSz4Untf0s=
github.com/gregoryv/qual v0.3.2/go.mod h1:dB0ZUMaE5qieQ975kKI7A4CDfg6wgcsPcSlY1SWuq9Y=
github.com/gregoryv/web v0.2.0 h1:+YwpxjKaI9X2rPteqJTQxUlxT/BkaUSK0NgDj2QK+8M=
github.com/gregoryv/web v0.2.0/go.mod h1:lbIWh6G8fin12h1BLOyB/Nea1JPJfr4AURmpDdc4vEI=
github.com/gregoryv/web v0.2.1-0.20191229083848-01b53e75f371 h1:8l08pmqWlFKmgR8qnPJnG2Le49E0g5zCw+DJUf+fiPw=
github.com/gregoryv/web v0.2.1-0.20191229083848-01b53e75f371/go.mod h1:lbIWh6G8fin12h1BLOyB/Nea1JPJfr4AURmpDdc4vEI=
github.com/gregoryv/web v0.2.1 h1:zJcvt2OY9fLgb8XEx4sGmhBhPG41uNj074ZqLXtiACc=
github.com/gregoryv/web v0.2.1/go.mod h1:lbIWh6G8fin12h1BLOyB/Nea1JPJfr4AURmpDdc4vEI=
github.com/gregoryv/web v0.3.0 h1:SP1Z6DT9YG1vhj56vWoacTrob+Ibb1AaUJosMgksowU=
github.com/gregoryv/web v0.3.0/go.mod h1:lbIWh6G8fin12h1BLOyB/Nea1JPJfr4AURmpDdc4vEI=
github.com/gregoryv/web v0.4.0 h1:jG5OjsmxomHDav4lpmZJAZIVcA7H8vPMtfEsth62hrI=
github.com/gregoryv/web v0.4.0/go.mod h1:lbIWh6G8fin12h1BLOyB/Nea1JPJfr4AURmpDdc4vEI=
github.com/gregoryv/web v0.5.1-0.20200101105050-9c7e960b291c h1:buyc9s7cvqVN3xMJcPEDOIta9jSh5U8mf/sEPij2nGY=
github.com/gregoryv/web v0.5.1-0.20200101105050-9c7e960b291c/go.mod h1:vLi1rPoYaOSai4IujMytCAHL4n5FmVbsi4GEVOvzfZ4=
github.com/gregoryv/workdir v0.2.0 h1:a0V87TpJpda5rHPj+lrJTiUD7pqdddUERYPWEJY8ufc=
github.com/gregoryv/workdir v0.2.0/go.mod h1:qX7yFN0yqysNfEr2F5Tta9+5K8oueS/sqBmdiExBoYA=
github.com/mattn/go-colorable v0.0.9/go.mod h1:9vuHe8Xs5qXnSaW/c/ABM9alt+Vo+STaOChaDxuIBZU=
github.com/mattn/go-isatty v0.0.4/go.mod h1:M+lRXTBqGeGNdLjl/ufCoiOlB5xdOkqRJdNxMWT7Zi4=
github.com/mgutz/ansi v0.0.0-20170206155736-9520e82c474b/go.mod h1:01TrycV0kFyexm33Z7vhZRXopbI8J3TDReVlkTgMUxE=
github.com/mgutz/logxi v0.0.0-20161027140823-aebf8a7d67ab/go.mod h1:y1pL58r5z2VvAjeG1VLGc8zOQgSOzbKN7kMHPvFXJ+8=
golang.org/x/crypto v0.0.0-20190308221718-c2843e01d9a2/go.mod h1:djNgcEr1/C05ACkg1iLfiJU5Ep61QUkGW8qpdssI0+w=
golang.org/x/net v0.0.0-20191209160850-c0dbc17a3553 h1:efeOvDhwQ29Dj3SdAV/MJf8oukgn+8D8WgaCaRMchF8=
golang.org/x/net v0.0.0-20191209160850-c0dbc17a3553/go.mod h1:z5CRVTTTmAJ677TzLLGU+0bjPO0LkuOLi4/5GtJWs/s=
golang.org/x/sys v0.0.0-20190215142949-d0b11bdaac8a/go.mod h1:STP8DvDyc/dI5b8T5hshtkjS+E42TnysNCUPdjciGhY=
golang.org/x/text v0.3.0/go.mod h1:NqM8EUOU14njkJ3fqMW+pc6Ldnwhi/IjpwHt7yyuwOQ=
